
Microsoft Visual Studio Solution File, Format Version 12.00
# Visual Studio Version 16
VisualStudioVersion = 16.0.30907.101
MinimumVisualStudioVersion = 10.0.40219.1
Project("{FAE04EC0-301F-11D3-BF4B-00C04F79EFBC}") = "GrpcClient", "GrpcClient\GrpcClient.csproj", "{BA16FF1D-511F-4A0C-8799-3B6F86A4901C}"
EndProject
Global
	GlobalSection(SolutionConfigurationPlatforms) = preSolution
		Debug|Any CPU = Debug|Any CPU
		Release|Any CPU = Release|Any CPU
	EndGlobalSection
	GlobalSection(ProjectConfigurationPlatforms) = postSolution
		{BA16FF1D-511F-4A0C-8799-3B6F86A4901C}.Debug|Any CPU.ActiveCfg = Debug|Any CPU
		{BA16FF1D-511F-4A0C-8799-3B6F86A4901C}.Debug|Any CPU.Build.0 = Debug|Any CPU
		{BA16FF1D-511F-4A0C-8799-3B6F86A4901C}.Release|Any CPU.ActiveCfg = Release|Any CPU
		{BA16FF1D-511F-4A0C-8799-3B6F86A4901C}.Release|Any CPU.Build.0 = Release|Any CPU
	EndGlobalSection
	GlobalSection(SolutionProperties) = preSolution
		HideSolutionNode = FALSE
	EndGlobalSection
	GlobalSection(ExtensibilityGlobals) = postSolution
		SolutionGuid = {4985F43A-869D-4951-8AF7-B91E2C8A961D}
	EndGlobalSection
EndGlobal
